
Microsoft Visual Studio Solution File, Format Version 12.00
# Visual Studio 15
VisualStudioVersion = 15.0.28010.2016
MinimumVisualStudioVersion = 10.0.40219.1
Project("{FAE04EC0-301F-11D3-BF4B-00C04F79EFBC}") = "DailyTaskCounter", "DailyTaskCounter\DailyTaskCounter.csproj", "{1C7AA495-78C0-4E8D-AD86-BABB5D418CDC}"
EndProject
Project("{FAE04EC0-301F-11D3-BF4B-00C04F79EFBC}") = "UnitTestProject2", "UnitTestProject2\UnitTestProject2.csproj", "{D17ED257-1EBA-4DC7-8ABB-D28B293D3605}"
EndProject
Global
	GlobalSection(SolutionConfigurationPlatforms) = preSolution
		Debug|ARM = Debug|ARM
		Debug|x64 = Debug|x64
		Debug|x86 = Debug|x86
		Release|ARM = Release|ARM
		Release|x64 = Release|x64
		Release|x86 = Release|x86
	EndGlobalSection
	GlobalSection(ProjectConfigurationPlatforms) = postSolution
		{1C7AA495-78C0-4E8D-AD86-BABB5D418CDC}.Debug|ARM.ActiveCfg = Debug|ARM
		{1C7AA495-78C0-4E8D-AD86-BABB5D418CDC}.Debug|ARM.Build.0 = Debug|ARM
		{1C7AA495-78C0-4E8D-AD86-BABB5D418CDC}.Debug|ARM.Deploy.0 = Debug|ARM
		{1C7AA495-78C0-4E8D-AD86-BABB5D418CDC}.Debug|x64.ActiveCfg = Debug|x64
		{1C7AA495-78C0-4E8D-AD86-BABB5D418CDC}.Debug|x64.Build.0 = Debug|x64
		{1C7AA495-78C0-4E8D-AD86-BABB5D418CDC}.Debug|x64.Deploy.0 = Debug|x64
		{1C7AA495-78C0-4E8D-AD86-BABB5D418CDC}.Debug|x86.ActiveCfg = Debug|x86
		{1C7AA495-78C0-4E8D-AD86-BABB5D418CDC}.Debug|x86.Build.0 = Debug|x86
		{1C7AA495-78C0-4E8D-AD86-BABB5D418CDC}.Debug|x86.Deploy.0 = Debug|x86
		{1C7AA495-78C0-4E8D-AD86-BABB5D418CDC}.Release|ARM.ActiveCfg = Release|ARM
		{1C7AA495-78C0-4E8D-AD86-BABB5D418CDC}.Release|ARM.Build.0 = Release|ARM
		{1C7AA495-78C0-4E8D-AD86-BABB5D418CDC}.Release|ARM.Deploy.0 = Release|ARM
		{1C7AA495-78C0-4E8D-AD86-BABB5D418CDC}.Release|x64.ActiveCfg = Release|x64
		{1C7AA495-78C0-4E8D-AD86-BABB5D418CDC}.Release|x64.Build.0 = Release|x64
		{1C7AA495-78C0-4E8D-AD86-BABB5D418CDC}.Release|x64.Deploy.0 = Release|x64
		{1C7AA495-78C0-4E8D-AD86-BABB5D418CDC}.Release|x86.ActiveCfg = Release|x86
		{1C7AA495-78C0-4E8D-AD86-BABB5D418CDC}.Release|x86.Build.0 = Release|x86
		{1C7AA495-78C0-4E8D-AD86-BABB5D418CDC}.Release|x86.Deploy.0 = Release|x86
		{D17ED257-1EBA-4DC7-8ABB-D28B293D3605}.Debug|ARM.ActiveCfg = Debug|ARM
		{D17ED257-1EBA-4DC7-8ABB-D28B293D3605}.Debug|ARM.Build.0 = Debug|ARM
		{D17ED257-1EBA-4DC7-8ABB-D28B293D3605}.Debug|ARM.Deploy.0 = Debug|ARM
		{D17ED257-1EBA-4DC7-8ABB-D28B293D3605}.Debug|x64.ActiveCfg = Debug|x64
		{D17ED257-1EBA-4DC7-8ABB-D28B293D3605}.Debug|x64.Build.0 = Debug|x64
		{D17ED257-1EBA-4DC7-8ABB-D28B293D3605}.Debug|x64.Deploy.0 = Debug|x64
		{D17ED257-1EBA-4DC7-8ABB-D28B293D3605}.Debug|x86.ActiveCfg = Debug|x86
		{D17ED257-1EBA-4DC7-8ABB-D28B293D3605}.Debug|x86.Build.0 = Debug|x86
		{D17ED257-1EBA-4DC7-8ABB-D28B293D3605}.Debug|x86.Deploy.0 = Debug|x86
		{D17ED257-1EBA-4DC7-8ABB-D28B293D3605}.Release|ARM.ActiveCfg = Release|ARM
		{D17ED257-1EBA-4DC7-8ABB-D28B293D3605}.Release|ARM.Build.0 = Release|ARM
		{D17ED257-1EBA-4DC7-8ABB-D28B293D3605}.Release|ARM.Deploy.0 = Release|ARM
		{D17ED257-1EBA-4DC7-8ABB-D28B293D3605}.Release|x64.ActiveCfg = Release|x64
		{D17ED257-1EBA-4DC7-8ABB-D28B293D3605}.Release|x64.Build.0 = Release|x64
		{D17ED257-1EBA-4DC7-8ABB-D28B293D3605}.Release|x64.Deploy.0 = Release|x64
		{D17ED257-1EBA-4DC7-8ABB-D28B293D3605}.Release|x86.ActiveCfg = Release|x86
		{D17ED257-1EBA-4DC7-8ABB-D28B293D3605}.Release|x86.Build.0 = Release|x86
		{D17ED257-1EBA-4DC7-8ABB-D28B293D3605}.Release|x86.Deploy.0 = Release|x86
	EndGlobalSection
	GlobalSection(SolutionProperties) = preSolution
		HideSolutionNode = FALSE
	EndGlobalSection
	GlobalSection(ExtensibilityGlobals) = postSolution
		SolutionGuid = {2FEE7532-8081-4C9B-83C8-CD63C0A021FD}
	EndGlobalSection
EndGlobal
